
Microsoft Visual Studio Solution File, Format Version 12.00
# Visual Studio Version 17
VisualStudioVersion = 17.1.32421.90
MinimumVisualStudioVersion = 10.0.40219.1
Project("{FAE04EC0-301F-11D3-BF4B-00C04F79EFBC}") = "UchUch", "UchUch\UchUch.csproj", "{2B0AC628-4A5C-4872-A408-4194E30EBBA5}"
EndProject
Global
	GlobalSection(SolutionConfigurationPlatforms) = preSolution
		Debug|Any CPU = Debug|Any CPU
		Release|Any CPU = Release|Any CPU
	EndGlobalSection
	GlobalSection(ProjectConfigurationPlatforms) = postSolution
		{2B0AC628-4A5C-4872-A408-4194E30EBBA5}.Debug|Any CPU.ActiveCfg = Debug|Any CPU
		{2B0AC628-4A5C-4872-A408-4194E30EBBA5}.Debug|Any CPU.Build.0 = Debug|Any CPU
		{2B0AC628-4A5C-4872-A408-4194E30EBBA5}.Release|Any CPU.ActiveCfg = Release|Any CPU
		{2B0AC628-4A5C-4872-A408-4194E30EBBA5}.Release|Any CPU.Build.0 = Release|Any CPU
	EndGlobalSection
	GlobalSection(SolutionProperties) = preSolution
		HideSolutionNode = FALSE
	EndGlobalSection
	GlobalSection(ExtensibilityGlobals) = postSolution
		SolutionGuid = {8D3E10B9-27E5-4433-8308-754800E733EB}
	EndGlobalSection
EndGlobal
